
Microsoft Visual Studio Solution File, Format Version 12.00
# Visual Studio Version 17
VisualStudioVersion = 17.3.32929.385
MinimumVisualStudioVersion = 10.0.40219.1
Project("{2150E333-8FDC-42A3-9474-1A3956D46DE8}") = "src", "src", "{8090F0DA-5556-498D-A295-B9B78F6F274F}"
EndProject
Project("{2150E333-8FDC-42A3-9474-1A3956D46DE8}") = "corePackages", "corePackages", "{98450652-2936-42E9-9F98-0235F3B48DA0}"
EndProject
Project("{2150E333-8FDC-42A3-9474-1A3956D46DE8}") = "RentACar", "RentACar", "{B0BF9BFC-02C2-4070-804D-6975FFF157A9}"
EndProject
Project("{9A19103F-16F7-4668-BE54-9A1E7A4F7556}") = "Application", "RentACar\Application\Application\Application.csproj", "{7EA7A3B7-96CD-4F4F-8D00-F0CDDCDF0EC2}"
EndProject
Project("{9A19103F-16F7-4668-BE54-9A1E7A4F7556}") = "Domain", "RentACar\Domain\Domain\Domain.csproj", "{29B36ED2-8C8B-4750-A3D5-8EF06D11E8BC}"
EndProject
Project("{9A19103F-16F7-4668-BE54-9A1E7A4F7556}") = "Infrastructure", "RentACar\Infrastructure\Infrastructure\Infrastructure.csproj", "{31C7879F-E9D6-4AAE-9A76-C080881ADAC7}"
EndProject
Project("{9A19103F-16F7-4668-BE54-9A1E7A4F7556}") = "Persistence", "RentACar\Persistance\Persistance\Persistence.csproj", "{1B0C35D8-5A54-4E28-9A41-2E2C62732B8A}"
EndProject
Project("{9A19103F-16F7-4668-BE54-9A1E7A4F7556}") = "RentACarAPI", "RentACar\WebAPI\RentACarAPI\RentACarAPI.csproj", "{4177A565-2CED-4D90-A76A-1CFFB2100E45}"
EndProject
Project("{FAE04EC0-301F-11D3-BF4B-00C04F79EFBC}") = "Core.Application", "src\corePackages\Core.Application\Core.Application.csproj", "{55D563B5-8E21-4CE1-BB2E-4D34A74402CD}"
EndProject
Project("{FAE04EC0-301F-11D3-BF4B-00C04F79EFBC}") = "Core.CrossCuttingConcerns", "src\corePackages\Core.CrossCuttingConcerns\Core.CrossCuttingConcerns.csproj", "{F73D53F4-5ACE-448C-BB0D-BAACE6B50870}"
EndProject
Project("{FAE04EC0-301F-11D3-BF4B-00C04F79EFBC}") = "Core.ElasticSearch", "src\corePackages\Core.ElasticSearch\Core.ElasticSearch.csproj", "{831C0991-A2CE-407D-903B-73813D1E76E5}"
EndProject
Project("{FAE04EC0-301F-11D3-BF4B-00C04F79EFBC}") = "Core.Mailing", "src\corePackages\Core.Mailing\Core.Mailing.csproj", "{D6D367B4-F5FA-4055-A9D1-6D5D0EC1CCC5}"
EndProject
Project("{FAE04EC0-301F-11D3-BF4B-00C04F79EFBC}") = "Core.Persistence", "src\corePackages\Core.Persistence\Core.Persistence.csproj", "{322E7539-1AF5-44F3-9C3B-06B6DFF75AB8}"
EndProject
Project("{FAE04EC0-301F-11D3-BF4B-00C04F79EFBC}") = "Core.Security", "src\corePackages\Core.Security\Core.Security.csproj", "{96DA2729-A183-4E87-AE2A-8D359AF1ED20}"
EndProject
Global
	GlobalSection(SolutionConfigurationPlatforms) = preSolution
		Debug|Any CPU = Debug|Any CPU
		Release|Any CPU = Release|Any CPU
	EndGlobalSection
	GlobalSection(ProjectConfigurationPlatforms) = postSolution
		{7EA7A3B7-96CD-4F4F-8D00-F0CDDCDF0EC2}.Debug|Any CPU.ActiveCfg = Debug|Any CPU
		{7EA7A3B7-96CD-4F4F-8D00-F0CDDCDF0EC2}.Debug|Any CPU.Build.0 = Debug|Any CPU
		{7EA7A3B7-96CD-4F4F-8D00-F0CDDCDF0EC2}.Release|Any CPU.ActiveCfg = Release|Any CPU
		{7EA7A3B7-96CD-4F4F-8D00-F0CDDCDF0EC2}.Release|Any CPU.Build.0 = Release|Any CPU
		{29B36ED2-8C8B-4750-A3D5-8EF06D11E8BC}.Debug|Any CPU.ActiveCfg = Debug|Any CPU
		{29B36ED2-8C8B-4750-A3D5-8EF06D11E8BC}.Debug|Any CPU.Build.0 = Debug|Any CPU
		{29B36ED2-8C8B-4750-A3D5-8EF06D11E8BC}.Release|Any CPU.ActiveCfg = Release|Any CPU
		{29B36ED2-8C8B-4750-A3D5-8EF06D11E8BC}.Release|Any CPU.Build.0 = Release|Any CPU
		{31C7879F-E9D6-4AAE-9A76-C080881ADAC7}.Debug|Any CPU.ActiveCfg = Debug|Any CPU
		{31C7879F-E9D6-4AAE-9A76-C080881ADAC7}.Debug|Any CPU.Build.0 = Debug|Any CPU
		{31C7879F-E9D6-4AAE-9A76-C080881ADAC7}.Release|Any CPU.ActiveCfg = Release|Any CPU
		{31C7879F-E9D6-4AAE-9A76-C080881ADAC7}.Release|Any CPU.Build.0 = Release|Any CPU
		{1B0C35D8-5A54-4E28-9A41-2E2C62732B8A}.Debug|Any CPU.ActiveCfg = Debug|Any CPU
		{1B0C35D8-5A54-4E28-9A41-2E2C62732B8A}.Debug|Any CPU.Build.0 = Debug|Any CPU
		{1B0C35D8-5A54-4E28-9A41-2E2C62732B8A}.Release|Any CPU.ActiveCfg = Release|Any CPU
		{1B0C35D8-5A54-4E28-9A41-2E2C62732B8A}.Release|Any CPU.Build.0 = Release|Any CPU
		{4177A565-2CED-4D90-A76A-1CFFB2100E45}.Debug|Any CPU.ActiveCfg = Debug|Any CPU
		{4177A565-2CED-4D90-A76A-1CFFB2100E45}.Debug|Any CPU.Build.0 = Debug|Any CPU
		{4177A565-2CED-4D90-A76A-1CFFB2100E45}.Release|Any CPU.ActiveCfg = Release|Any CPU
		{4177A565-2CED-4D90-A76A-1CFFB2100E45}.Release|Any CPU.Build.0 = Release|Any CPU
		{55D563B5-8E21-4CE1-BB2E-4D34A74402CD}.Debug|Any CPU.ActiveCfg = Debug|Any CPU
		{55D563B5-8E21-4CE1-BB2E-4D34A74402CD}.Debug|Any CPU.Build.0 = Debug|Any CPU
		{55D563B5-8E21-4CE1-BB2E-4D34A74402CD}.Release|Any CPU.ActiveCfg = Release|Any CPU
		{55D563B5-8E21-4CE1-BB2E-4D34A74402CD}.Release|Any CPU.Build.0 = Release|Any CPU
		{F73D53F4-5ACE-448C-BB0D-BAACE6B50870}.Debug|Any CPU.ActiveCfg = Debug|Any CPU
		{F73D53F4-5ACE-448C-BB0D-BAACE6B50870}.Debug|Any CPU.Build.0 = Debug|Any CPU
		{F73D53F4-5ACE-448C-BB0D-BAACE6B50870}.Release|Any CPU.ActiveCfg = Release|Any CPU
		{F73D53F4-5ACE-448C-BB0D-BAACE6B50870}.Release|Any CPU.Build.0 = Release|Any CPU
		{831C0991-A2CE-407D-903B-73813D1E76E5}.Debug|Any CPU.ActiveCfg = Debug|Any CPU
		{831C0991-A2CE-407D-903B-73813D1E76E5}.Debug|Any CPU.Build.0 = Debug|Any CPU
		{831C0991-A2CE-407D-903B-73813D1E76E5}.Release|Any CPU.ActiveCfg = Release|Any CPU
		{831C0991-A2CE-407D-903B-73813D1E76E5}.Release|Any CPU.Build.0 = Release|Any CPU
		{D6D367B4-F5FA-4055-A9D1-6D5D0EC1CCC5}.Debug|Any CPU.ActiveCfg = Debug|Any CPU
		{D6D367B4-F5FA-4055-A9D1-6D5D0EC1CCC5}.Debug|Any CPU.Build.0 = Debug|Any CPU
		{D6D367B4-F5FA-4055-A9D1-6D5D0EC1CCC5}.Release|Any CPU.ActiveCfg = Release|Any CPU
		{D6D367B4-F5FA-4055-A9D1-6D5D0EC1CCC5}.Release|Any CPU.Build.0 = Release|Any CPU
		{322E7539-1AF5-44F3-9C3B-06B6DFF75AB8}.Debug|Any CPU.ActiveCfg = Debug|Any CPU
		{322E7539-1AF5-44F3-9C3B-06B6DFF75AB8}.Debug|Any CPU.Build.0 = Debug|Any CPU
		{322E7539-1AF5-44F3-9C3B-06B6DFF75AB8}.Release|Any CPU.ActiveCfg = Release|Any CPU
		{322E7539-1AF5-44F3-9C3B-06B6DFF75AB8}.Release|Any CPU.Build.0 = Release|Any CPU
		{96DA2729-A183-4E87-AE2A-8D359AF1ED20}.Debug|Any CPU.ActiveCfg = Debug|Any CPU
		{96DA2729-A183-4E87-AE2A-8D359AF1ED20}.Debug|Any CPU.Build.0 = Debug|Any CPU
		{96DA2729-A183-4E87-AE2A-8D359AF1ED20}.Release|Any CPU.ActiveCfg = Release|Any CPU
		{96DA2729-A183-4E87-AE2A-8D359AF1ED20}.Release|Any CPU.Build.0 = Release|Any CPU
	EndGlobalSection
	GlobalSection(SolutionProperties) = preSolution
		HideSolutionNode = FALSE
	EndGlobalSection
	GlobalSection(NestedProjects) = preSolution
		{98450652-2936-42E9-9F98-0235F3B48DA0} = {8090F0DA-5556-498D-A295-B9B78F6F274F}
		{7EA7A3B7-96CD-4F4F-8D00-F0CDDCDF0EC2} = {B0BF9BFC-02C2-4070-804D-6975FFF157A9}
		{29B36ED2-8C8B-4750-A3D5-8EF06D11E8BC} = {B0BF9BFC-02C2-4070-804D-6975FFF157A9}
		{31C7879F-E9D6-4AAE-9A76-C080881ADAC7} = {B0BF9BFC-02C2-4070-804D-6975FFF157A9}
		{1B0C35D8-5A54-4E28-9A41-2E2C62732B8A} = {B0BF9BFC-02C2-4070-804D-6975FFF157A9}
		{4177A565-2CED-4D90-A76A-1CFFB2100E45} = {B0BF9BFC-02C2-4070-804D-6975FFF157A9}
		{55D563B5-8E21-4CE1-BB2E-4D34A74402CD} = {98450652-2936-42E9-9F98-0235F3B48DA0}
		{F73D53F4-5ACE-448C-BB0D-BAACE6B50870} = {98450652-2936-42E9-9F98-0235F3B48DA0}
		{831C0991-A2CE-407D-903B-73813D1E76E5} = {98450652-2936-42E9-9F98-0235F3B48DA0}
		{D6D367B4-F5FA-4055-A9D1-6D5D0EC1CCC5} = {98450652-2936-42E9-9F98-0235F3B48DA0}
		{322E7539-1AF5-44F3-9C3B-06B6DFF75AB8} = {98450652-2936-42E9-9F98-0235F3B48DA0}
		{96DA2729-A183-4E87-AE2A-8D359AF1ED20} = {98450652-2936-42E9-9F98-0235F3B48DA0}
	EndGlobalSection
	GlobalSection(ExtensibilityGlobals) = postSolution
		SolutionGuid = {F23B5A25-A564-432C-A7D1-1267EE4A932F}
	EndGlobalSection
EndGlobal
